// !$*UTF8*$!
{
	archiveVersion = 1;
	classes = {
	};
	objectVersion = 50;
	objects = {

/* Begin PBXBuildFile section */
		1876891523280AEF004830C7 /* AppDelegate.swift in Sources */ = {isa = PBXBuildFile; fileRef = 1876891423280AEF004830C7 /* AppDelegate.swift */; };
		1876891723280AEF004830C7 /* ViewController.swift in Sources */ = {isa = PBXBuildFile; fileRef = 1876891623280AEF004830C7 /* ViewController.swift */; };
		1876891A23280AEF004830C7 /* Main.storyboard in Resources */ = {isa = PBXBuildFile; fileRef = 1876891823280AEF004830C7 /* Main.storyboard */; };
		1876891C23280AF0004830C7 /* Assets.xcassets in Resources */ = {isa = PBXBuildFile; fileRef = 1876891B23280AF0004830C7 /* Assets.xcassets */; };
		1876891F23280AF0004830C7 /* LaunchScreen.storyboard in Resources */ = {isa = PBXBuildFile; fileRef = 1876891D23280AF0004830C7 /* LaunchScreen.storyboard */; };
		1876892A23280AF0004830C7 /* MityTipTests.swift in Sources */ = {isa = PBXBuildFile; fileRef = 1876892923280AF0004830C7 /* MityTipTests.swift */; };
		1876893523280AF0004830C7 /* MityTipUITests.swift in Sources */ = {isa = PBXBuildFile; fileRef = 1876893423280AF0004830C7 /* MityTipUITests.swift */; };
/* End PBXBuildFile section */

/* Begin PBXContainerItemProxy section */
		1876892623280AF0004830C7 /* PBXContainerItemProxy */ = {
			isa = PBXContainerItemProxy;
			containerPortal = 1876890923280AEF004830C7 /* Project object */;
			proxyType = 1;
			remoteGlobalIDString = 1876891023280AEF004830C7;
			remoteInfo = MityTip;
		};
		1876893123280AF0004830C7 /* PBXContainerItemProxy */ = {
			isa = PBXContainerItemProxy;
			containerPortal = 1876890923280AEF004830C7 /* Project object */;
			proxyType = 1;
			remoteGlobalIDString = 1876891023280AEF004830C7;
			remoteInfo = MityTip;
		};
/* End PBXContainerItemProxy section */

/* Begin PBXFileReference section */
		1876891123280AEF004830C7 /* MityTip.app */ = {isa = PBXFileReference; explicitFileType = wrapper.application; includeInIndex = 0; path = MityTip.app; sourceTree = BUILT_PRODUCTS_DIR; };
		1876891423280AEF004830C7 /* AppDelegate.swift */ = {isa = PBXFileReference; lastKnownFileType = sourcecode.swift; path = AppDelegate.swift; sourceTree = "<group>"; };
		1876891623280AEF004830C7 /* ViewController.swift */ = {isa = PBXFileReference; lastKnownFileType = sourcecode.swift; path = ViewController.swift; sourceTree = "<group>"; };
		1876891923280AEF004830C7 /* Base */ = {isa = PBXFileReference; lastKnownFileType = file.storyboard; name = Base; path = Base.lproj/Main.storyboard; sourceTree = "<group>"; };
		1876891B23280AF0004830C7 /* Assets.xcassets */ = {isa = PBXFileReference; lastKnownFileType = folder.assetcatalog; path = Assets.xcassets; sourceTree = "<group>"; };
		1876891E23280AF0004830C7 /* Base */ = {isa = PBXFileReference; lastKnownFileType = file.storyboard; name = Base; path = Base.lproj/LaunchScreen.storyboard; sourceTree = "<group>"; };
		1876892023280AF0004830C7 /* Info.plist */ = {isa = PBXFileReference; lastKnownFileType = text.plist.xml; path = Info.plist; sourceTree = "<group>"; };
		1876892523280AF0004830C7 /* MityTipTests.xctest */ = {isa = PBXFileReference; explicitFileType = wrapper.cfbundle; includeInIndex = 0; path = MityTipTests.xctest; sourceTree = BUILT_PRODUCTS_DIR; };
		1876892923280AF0004830C7 /* MityTipTests.swift */ = {isa = PBXFileReference; lastKnownFileType = sourcecode.swift; path = MityTipTests.swift; sourceTree = "<group>"; };
		1876892B23280AF0004830C7 /* Info.plist */ = {isa = PBXFileReference; lastKnownFileType = text.plist.xml; path = Info.plist; sourceTree = "<group>"; };
		1876893023280AF0004830C7 /* MityTipUITests.xctest */ = {isa = PBXFileReference; explicitFileType = wrapper.cfbundle; includeInIndex = 0; path = MityTipUITests.xctest; sourceTree = BUILT_PRODUCTS_DIR; };
		1876893423280AF0004830C7 /* MityTipUITests.swift */ = {isa = PBXFileReference; lastKnownFileType = sourcecode.swift; path = MityTipUITests.swift; sourceTree = "<group>"; };
		1876893623280AF0004830C7 /* Info.plist */ = {isa = PBXFileReference; lastKnownFileType = text.plist.xml; path = Info.plist; sourceTree = "<group>"; };
/* End PBXFileReference section */

/* Begin PBXFrameworksBuildPhase section */
		1876890E23280AEF004830C7 /* Frameworks */ = {
			isa = PBXFrameworksBuildPhase;
			buildActionMask = 2147483647;
			files = (
			);
			runOnlyForDeploymentPostprocessing = 0;
		};
		1876892223280AF0004830C7 /* Frameworks */ = {
			isa = PBXFrameworksBuildPhase;
			buildActionMask = 2147483647;
			files = (
			);
			runOnlyForDeploymentPostprocessing = 0;
		};
		1876892D23280AF0004830C7 /* Frameworks */ = {
			isa = PBXFrameworksBuildPhase;
			buildActionMask = 2147483647;
			files = (
			);
			runOnlyForDeploymentPostprocessing = 0;
		};
/* End PBXFrameworksBuildPhase section */

/* Begin PBXGroup section */
		1876890823280AEF004830C7 = {
			isa = PBXGroup;
			children = (
				1876891323280AEF004830C7 /* MityTip */,
				1876892823280AF0004830C7 /* MityTipTests */,
				1876893323280AF0004830C7 /* MityTipUITests */,
				1876891223280AEF004830C7 /* Products */,
			);
			sourceTree = "<group>";
		};
		1876891223280AEF004830C7 /* Products */ = {
			isa = PBXGroup;
			children = (
				1876891123280AEF004830C7 /* MityTip.app */,
				1876892523280AF0004830C7 /* MityTipTests.xctest */,
				1876893023280AF0004830C7 /* MityTipUITests.xctest */,
			);
			name = Products;
			sourceTree = "<group>";
		};
		1876891323280AEF004830C7 /* MityTip */ = {
			isa = PBXGroup;
			children = (
				1876891423280AEF004830C7 /* AppDelegate.swift */,
				1876891623280AEF004830C7 /* ViewController.swift */,
				1876891823280AEF004830C7 /* Main.storyboard */,
				1876891B23280AF0004830C7 /* Assets.xcassets */,
				1876891D23280AF0004830C7 /* LaunchScreen.storyboard */,
				1876892023280AF0004830C7 /* Info.plist */,
			);
			path = MityTip;
			sourceTree = "<group>";
		};
		1876892823280AF0004830C7 /* MityTipTests */ = {
			isa = PBXGroup;
			children = (
				1876892923280AF0004830C7 /* MityTipTests.swift */,
				1876892B23280AF0004830C7 /* Info.plist */,
			);
			path = MityTipTests;
			sourceTree = "<group>";
		};
		1876893323280AF0004830C7 /* MityTipUITests */ = {
			isa = PBXGroup;
			children = (
				1876893423280AF0004830C7 /* MityTipUITests.swift */,
				1876893623280AF0004830C7 /* Info.plist */,
			);
			path = MityTipUITests;
			sourceTree = "<group>";
		};
/* End PBXGroup section */

/* Begin PBXNativeTarget section */
		1876891023280AEF004830C7 /* MityTip */ = {
			isa = PBXNativeTarget;
			buildConfigurationList = 1876893923280AF0004830C7 /* Build configuration list for PBXNativeTarget "MityTip" */;
			buildPhases = (
				1876890D23280AEF004830C7 /* Sources */,
				1876890E23280AEF004830C7 /* Frameworks */,
				1876890F23280AEF004830C7 /* Resources */,
			);
			buildRules = (
			);
			dependencies = (
			);
			name = MityTip;
			productName = MityTip;
			productReference = 1876891123280AEF004830C7 /* MityTip.app */;
			productType = "com.apple.product-type.application";
		};
		1876892423280AF0004830C7 /* MityTipTests */ = {
			isa = PBXNativeTarget;
			buildConfigurationList = 1876893C23280AF0004830C7 /* Build configuration list for PBXNativeTarget "MityTipTests" */;
			buildPhases = (
				1876892123280AF0004830C7 /* Sources */,
				1876892223280AF0004830C7 /* Frameworks */,
				1876892323280AF0004830C7 /* Resources */,
			);
			buildRules = (
			);
			dependencies = (
				1876892723280AF0004830C7 /* PBXTargetDependency */,
			);
			name = MityTipTests;
			productName = MityTipTests;
			productReference = 1876892523280AF0004830C7 /* MityTipTests.xctest */;
			productType = "com.apple.product-type.bundle.unit-test";
		};
		1876892F23280AF0004830C7 /* MityTipUITests */ = {
			isa = PBXNativeTarget;
			buildConfigurationList = 1876893F23280AF0004830C7 /* Build configuration list for PBXNativeTarget "MityTipUITests" */;
			buildPhases = (
				1876892C23280AF0004830C7 /* Sources */,
				1876892D23280AF0004830C7 /* Frameworks */,
				1876892E23280AF0004830C7 /* Resources */,
			);
			buildRules = (
			);
			dependencies = (
				1876893223280AF0004830C7 /* PBXTargetDependency */,
			);
			name = MityTipUITests;
			productName = MityTipUITests;
			productReference = 1876893023280AF0004830C7 /* MityTipUITests.xctest */;
			productType = "com.apple.product-type.bundle.ui-testing";
		};
/* End PBXNativeTarget section */

/* Begin PBXProject section */
		1876890923280AEF004830C7 /* Project object */ = {
			isa = PBXProject;
			attributes = {
				LastSwiftUpdateCheck = 1020;
				LastUpgradeCheck = 1020;
				ORGANIZATIONNAME = Codepath;
				TargetAttributes = {
					1876891023280AEF004830C7 = {
						CreatedOnToolsVersion = 10.2.1;
					};
					1876892423280AF0004830C7 = {
						CreatedOnToolsVersion = 10.2.1;
						TestTargetID = 1876891023280AEF004830C7;
					};
					1876892F23280AF0004830C7 = {
						CreatedOnToolsVersion = 10.2.1;
						TestTargetID = 1876891023280AEF004830C7;
					};
				};
			};
			buildConfigurationList = 1876890C23280AEF004830C7 /* Build configuration list for PBXProject "MityTip" */;
			compatibilityVersion = "Xcode 9.3";
			developmentRegion = en;
			hasScannedForEncodings = 0;
			knownRegions = (
				en,
				Base,
			);
			mainGroup = 1876890823280AEF004830C7;
			productRefGroup = 1876891223280AEF004830C7 /* Products */;
			projectDirPath = "";
			projectRoot = "";
			targets = (
				1876891023280AEF004830C7 /* MityTip */,
				1876892423280AF0004830C7 /* MityTipTests */,
				1876892F23280AF0004830C7 /* MityTipUITests */,
			);
		};
/* End PBXProject section */

/* Begin PBXResourcesBuildPhase section */
		1876890F23280AEF004830C7 /* Resources */ = {
			isa = PBXResourcesBuildPhase;
			buildActionMask = 2147483647;
			files = (
				1876891F23280AF0004830C7 /* LaunchScreen.storyboard in Resources */,
				1876891C23280AF0004830C7 /* Assets.xcassets in Resources */,
				1876891A23280AEF004830C7 /* Main.storyboard in Resources */,
			);
			runOnlyForDeploymentPostprocessing = 0;
		};
		1876892323280AF0004830C7 /* Resources */ = {
			isa = PBXResourcesBuildPhase;
			buildActionMask = 2147483647;
			files = (
			);
			runOnlyForDeploymentPostprocessing = 0;
		};
		1876892E23280AF0004830C7 /* Resources */ = {
			isa = PBXResourcesBuildPhase;
			buildActionMask = 2147483647;
			files = (
			);
			runOnlyForDeploymentPostprocessing = 0;
		};
/* End PBXResourcesBuildPhase section */

/* Begin PBXSourcesBuildPhase section */
		1876890D23280AEF004830C7 /* Sources */ = {
			isa = PBXSourcesBuildPhase;
			buildActionMask = 2147483647;
			files = (
				1876891723280AEF004830C7 /* ViewController.swift in Sources */,
				1876891523280AEF004830C7 /* AppDelegate.swift in Sources */,
			);
			runOnlyForDeploymentPostprocessing = 0;
		};
		1876892123280AF0004830C7 /* Sources */ = {
			isa = PBXSourcesBuildPhase;
			buildActionMask = 2147483647;
			files = (
				1876892A23280AF0004830C7 /* MityTipTests.swift in Sources */,
			);
			runOnlyForDeploymentPostprocessing = 0;
		};
		1876892C23280AF0004830C7 /* Sources */ = {
			isa = PBXSourcesBuildPhase;
			buildActionMask = 2147483647;
			files = (
				1876893523280AF0004830C7 /* MityTipUITests.swift in Sources */,
			);
			runOnlyForDeploymentPostprocessing = 0;
		};
/* End PBXSourcesBuildPhase section */

/* Begin PBXTargetDependency section */
		1876892723280AF0004830C7 /* PBXTargetDependency */ = {
			isa = PBXTargetDependency;
			target = 1876891023280AEF004830C7 /* MityTip */;
			targetProxy = 1876892623280AF0004830C7 /* PBXContainerItemProxy */;
		};
		1876893223280AF0004830C7 /* PBXTargetDependency */ = {
			isa = PBXTargetDependency;
			target = 1876891023280AEF004830C7 /* MityTip */;
			targetProxy = 1876893123280AF0004830C7 /* PBXContainerItemProxy */;
		};
/* End PBXTargetDependency section */

/* Begin PBXVariantGroup section */
		1876891823280AEF004830C7 /* Main.storyboard */ = {
			isa = PBXVariantGroup;
			children = (
				1876891923280AEF004830C7 /* Base */,
			);
			name = Main.storyboard;
			sourceTree = "<group>";
		};
		1876891D23280AF0004830C7 /* LaunchScreen.storyboard */ = {
			isa = PBXVariantGroup;
			children = (
				1876891E23280AF0004830C7 /* Base */,
			);
			name = LaunchScreen.storyboard;
			sourceTree = "<group>";
		};
/* End PBXVariantGroup section */

/* Begin XCBuildConfiguration section */
		1876893723280AF0004830C7 /* Debug */ = {
			isa = XCBuildConfiguration;
			buildSettings = {
				ALWAYS_SEARCH_USER_PATHS = NO;
				CLANG_ANALYZER_NONNULL = YES;
				CLANG_ANALYZER_NUMBER_OBJECT_CONVERSION = YES_AGGRESSIVE;
				CLANG_CXX_LANGUAGE_STANDARD = "gnu++14";
				CLANG_CXX_LIBRARY = "libc++";
				CLANG_ENABLE_MODULES = YES;
				CLANG_ENABLE_OBJC_ARC = YES;
				CLANG_ENABLE_OBJC_WEAK = YES;
				CLANG_WARN_BLOCK_CAPTURE_AUTORELEASING = YES;
				CLANG_WARN_BOOL_CONVERSION = YES;
				CLANG_WARN_COMMA = YES;
				CLANG_WARN_CONSTANT_CONVERSION = YES;
				CLANG_WARN_DEPRECATED_OBJC_IMPLEMENTATIONS = YES;
				CLANG_WARN_DIRECT_OBJC_ISA_USAGE = YES_ERROR;
				CLANG_WARN_DOCUMENTATION_COMMENTS = YES;
				CLANG_WARN_EMPTY_BODY = YES;
				CLANG_WARN_ENUM_CONVERSION = YES;
				CLANG_WARN_INFINITE_RECURSION = YES;
				CLANG_WARN_INT_CONVERSION = YES;
				CLANG_WARN_NON_LITERAL_NULL_CONVERSION = YES;
				CLANG_WARN_OBJC_IMPLICIT_RETAIN_SELF = YES;
				CLANG_WARN_OBJC_LITERAL_CONVERSION = YES;
				CLANG_WARN_OBJC_ROOT_CLASS = YES_ERROR;
				CLANG_WARN_RANGE_LOOP_ANALYSIS = YES;
				CLANG_WARN_STRICT_PROTOTYPES = YES;
				CLANG_WARN_SUSPICIOUS_MOVE = YES;
				CLANG_WARN_UNGUARDED_AVAILABILITY = YES_AGGRESSIVE;
				CLANG_WARN_UNREACHABLE_CODE = YES;
				CLANG_WARN__DUPLICATE_METHOD_MATCH = YES;
				CODE_SIGN_IDENTITY = "iPhone Developer";
				COPY_PHASE_STRIP = NO;
				DEBUG_INFORMATION_FORMAT = dwarf;
				ENABLE_STRICT_OBJC_MSGSEND = YES;
				ENABLE_TESTABILITY = YES;
				GCC_C_LANGUAGE_STANDARD = gnu11;
				GCC_DYNAMIC_NO_PIC = NO;
				GCC_NO_COMMON_BLOCKS = YES;
				GCC_OPTIMIZATION_LEVEL = 0;
				GCC_PREPROCESSOR_DEFINITIONS = (
					"DEBUG=1",
					"$(inherited)",
				);
				GCC_WARN_64_TO_32_BIT_CONVERSION = YES;
				GCC_WARN_ABOUT_RETURN_TYPE = YES_ERROR;
				GCC_WARN_UNDECLARED_SELECTOR = YES;
				GCC_WARN_UNINITIALIZED_AUTOS = YES_AGGRESSIVE;
				GCC_WARN_UNUSED_FUNCTION = YES;
				GCC_WARN_UNUSED_VARIABLE = YES;
				IPHONEOS_DEPLOYMENT_TARGET = 12.2;
				MTL_ENABLE_DEBUG_INFO = INCLUDE_SOURCE;
				MTL_FAST_MATH = YES;
				ONLY_ACTIVE_ARCH = YES;
				SDKROOT = iphoneos;
				SWIFT_ACTIVE_COMPILATION_CONDITIONS = DEBUG;
				SWIFT_OPTIMIZATION_LEVEL = "-Onone";
			};
			name = Debug;
		};
		1876893823280AF0004830C7 /* Release */ = {
			isa = XCBuildConfiguration;
			buildSettings = {
				ALWAYS_SEARCH_USER_PATHS = NO;
				CLANG_ANALYZER_NONNULL = YES;
				CLANG_ANALYZER_NUMBER_OBJECT_CONVERSION = YES_AGGRESSIVE;
				CLANG_CXX_LANGUAGE_STANDARD = "gnu++14";
				CLANG_CXX_LIBRARY = "libc++";
				CLANG_ENABLE_MODULES = YES;
				CLANG_ENABLE_OBJC_ARC = YES;
				CLANG_ENABLE_OBJC_WEAK = YES;
				CLANG_WARN_BLOCK_CAPTURE_AUTORELEASING = YES;
				CLANG_WARN_BOOL_CONVERSION = YES;
				CLANG_WARN_COMMA = YES;
				CLANG_WARN_CONSTANT_CONVERSION = YES;
				CLANG_WARN_DEPRECATED_OBJC_IMPLEMENTATIONS = YES;
				CLANG_WARN_DIRECT_OBJC_ISA_USAGE = YES_ERROR;
				CLANG_WARN_DOCUMENTATION_COMMENTS = YES;
				CLANG_WARN_EMPTY_BODY = YES;
				CLANG_WARN_ENUM_CONVERSION = YES;
				CLANG_WARN_INFINITE_RECURSION = YES;
				CLANG_WARN_INT_CONVERSION = YES;
				CLANG_WARN_NON_LITERAL_NULL_CONVERSION = YES;
				CLANG_WARN_OBJC_IMPLICIT_RETAIN_SELF = YES;
				CLANG_WARN_OBJC_LITERAL_CONVERSION = YES;
				CLANG_WARN_OBJC_ROOT_CLASS = YES_ERROR;
				CLANG_WARN_RANGE_LOOP_ANALYSIS = YES;
				CLANG_WARN_STRICT_PROTOTYPES = YES;
				CLANG_WARN_SUSPICIOUS_MOVE = YES;
				CLANG_WARN_UNGUARDED_AVAILABILITY = YES_AGGRESSIVE;
				CLANG_WARN_UNREACHABLE_CODE = YES;
				CLANG_WARN__DUPLICATE_METHOD_MATCH = YES;
				CODE_SIGN_IDENTITY = "iPhone Developer";
				COPY_PHASE_STRIP = NO;
				DEBUG_INFORMATION_FORMAT = "dwarf-with-dsym";
				ENABLE_NS_ASSERTIONS = NO;
				ENABLE_STRICT_OBJC_MSGSEND = YES;
				GCC_C_LANGUAGE_STANDARD = gnu11;
				GCC_NO_COMMON_BLOCKS = YES;
				GCC_WARN_64_TO_32_BIT_CONVERSION = YES;
				GCC_WARN_ABOUT_RETURN_TYPE = YES_ERROR;
				GCC_WARN_UNDECLARED_SELECTOR = YES;
				GCC_WARN_UNINITIALIZED_AUTOS = YES_AGGRESSIVE;
				GCC_WARN_UNUSED_FUNCTION = YES;
				GCC_WARN_UNUSED_VARIABLE = YES;
				IPHONEOS_DEPLOYMENT_TARGET = 12.2;
				MTL_ENABLE_DEBUG_INFO = NO;
				MTL_FAST_MATH = YES;
				SDKROOT = iphoneos;
				SWIFT_COMPILATION_MODE = wholemodule;
				SWIFT_OPTIMIZATION_LEVEL = "-O";
				VALIDATE_PRODUCT = YES;
			};
			name = Release;
		};
		1876893A23280AF0004830C7 /* Debug */ = {
			isa = XCBuildConfiguration;
			buildSettings = {
				ASSETCATALOG_COMPILER_APPICON_NAME = AppIcon;
				CODE_SIGN_STYLE = Automatic;
				DEVELOPMENT_TEAM = GTN5Q8M6R9;
				INFOPLIST_FILE = MityTip/Info.plist;
				LD_RUNPATH_SEARCH_PATHS = (
					"$(inherited)",
					"@executable_path/Frameworks",
				);
				PRODUCT_BUNDLE_IDENTIFIER = com.Codepath.MityTip;
				PRODUCT_NAME = "$(TARGET_NAME)";
				SWIFT_VERSION = 5.0;
				TARGETED_DEVICE_FAMILY = "1,2";
			};
			name = Debug;
		};
		1876893B23280AF0004830C7 /* Release */ = {
			isa = XCBuildConfiguration;
			buildSettings = {
				ASSETCATALOG_COMPILER_APPICON_NAME = AppIcon;
				CODE_SIGN_STYLE = Automatic;
				DEVELOPMENT_TEAM = GTN5Q8M6R9;
				INFOPLIST_FILE = MityTip/Info.plist;
				LD_RUNPATH_SEARCH_PATHS = (
					"$(inherited)",
					"@executable_path/Frameworks",
				);
				PRODUCT_BUNDLE_IDENTIFIER = com.Codepath.MityTip;
				PRODUCT_NAME = "$(TARGET_NAME)";
				SWIFT_VERSION = 5.0;
				TARGETED_DEVICE_FAMILY = "1,2";
			};
			name = Release;
		};
		1876893D23280AF0004830C7 /* Debug */ = {
			isa = XCBuildConfiguration;
			buildSettings = {
				ALWAYS_EMBED_SWIFT_STANDARD_LIBRARIES = YES;
				BUNDLE_LOADER = "$(TEST_HOST)";
				CODE_SIGN_STYLE = Automatic;
				DEVELOPMENT_TEAM = GTN5Q8M6R9;
				INFOPLIST_FILE = MityTipTests/Info.plist;
				LD_RUNPATH_SEARCH_PATHS = (
					"$(inherited)",
					"@executable_path/Frameworks",
					"@loader_path/Frameworks",
				);
				PRODUCT_BUNDLE_IDENTIFIER = com.Codepath.MityTipTests;
				PRODUCT_NAME = "$(TARGET_NAME)";
				SWIFT_VERSION = 5.0;
				TARGETED_DEVICE_FAMILY = "1,2";
				TEST_HOST = "$(BUILT_PRODUCTS_DIR)/MityTip.app/MityTip";
			};
			name = Debug;
		};
		1876893E23280AF0004830C7 /* Release */ = {
			isa = XCBuildConfiguration;
			buildSettings = {
				ALWAYS_EMBED_SWIFT_STANDARD_LIBRARIES = YES;
				BUNDLE_LOADER = "$(TEST_HOST)";
				CODE_SIGN_STYLE = Automatic;
				DEVELOPMENT_TEAM = GTN5Q8M6R9;
				INFOPLIST_FILE = MityTipTests/Info.plist;
				LD_RUNPATH_SEARCH_PATHS = (
					"$(inherited)",
					"@executable_path/Frameworks",
					"@loader_path/Frameworks",
				);
				PRODUCT_BUNDLE_IDENTIFIER = com.Codepath.MityTipTests;
				PRODUCT_NAME = "$(TARGET_NAME)";
				SWIFT_VERSION = 5.0;
				TARGETED_DEVICE_FAMILY = "1,2";
				TEST_HOST = "$(BUILT_PRODUCTS_DIR)/MityTip.app/MityTip";
			};
			name = Release;
		};
		1876894023280AF0004830C7 /* Debug */ = {
			isa = XCBuildConfiguration;
			buildSettings = {
				ALWAYS_EMBED_SWIFT_STANDARD_LIBRARIES = YES;
				CODE_SIGN_STYLE = Automatic;
				DEVELOPMENT_TEAM = GTN5Q8M6R9;
				INFOPLIST_FILE = MityTipUITests/Info.plist;
				LD_RUNPATH_SEARCH_PATHS = (
					"$(inherited)",
					"@executable_path/Frameworks",
					"@loader_path/Frameworks",
				);
				PRODUCT_BUNDLE_IDENTIFIER = com.Codepath.MityTipUITests;
				PRODUCT_NAME = "$(TARGET_NAME)";
				SWIFT_VERSION = 5.0;
				TARGETED_DEVICE_FAMILY = "1,2";
				TEST_TARGET_NAME = MityTip;
			};
			name = Debug;
		};
		1876894123280AF0004830C7 /* Release */ = {
			isa = XCBuildConfiguration;
			buildSettings = {
				ALWAYS_EMBED_SWIFT_STANDARD_LIBRARIES = YES;
				CODE_SIGN_STYLE = Automatic;
				DEVELOPMENT_TEAM = GTN5Q8M6R9;
				INFOPLIST_FILE = MityTipUITests/Info.plist;
				LD_RUNPATH_SEARCH_PATHS = (
					"$(inherited)",
					"@executable_path/Frameworks",
					"@loader_path/Frameworks",
				);
				PRODUCT_BUNDLE_IDENTIFIER = com.Codepath.MityTipUITests;
				PRODUCT_NAME = "$(TARGET_NAME)";
				SWIFT_VERSION = 5.0;
				TARGETED_DEVICE_FAMILY = "1,2";
				TEST_TARGET_NAME = MityTip;
			};
			name = Release;
		};
/* End XCBuildConfiguration section */

/* Begin XCConfigurationList section */
		1876890C23280AEF004830C7 /* Build configuration list for PBXProject "MityTip" */ = {
			isa = XCConfigurationList;
			buildConfigurations = (
				1876893723280AF0004830C7 /* Debug */,
				1876893823280AF0004830C7 /* Release */,
			);
			defaultConfigurationIsVisible = 0;
			defaultConfigurationName = Release;
		};
		1876893923280AF0004830C7 /* Build configuration list for PBXNativeTarget "MityTip" */ = {
			isa = XCConfigurationList;
			buildConfigurations = (
				1876893A23280AF0004830C7 /* Debug */,
				1876893B23280AF0004830C7 /* Release */,
			);
			defaultConfigurationIsVisible = 0;
			defaultConfigurationName = Release;
		};
		1876893C23280AF0004830C7 /* Build configuration list for PBXNativeTarget "MityTipTests" */ = {
			isa = XCConfigurationList;
			buildConfigurations = (
				1876893D23280AF0004830C7 /* Debug */,
				1876893E23280AF0004830C7 /* Release */,
			);
			defaultConfigurationIsVisible = 0;
			defaultConfigurationName = Release;
		};
		1876893F23280AF0004830C7 /* Build configuration list for PBXNativeTarget "MityTipUITests" */ = {
			isa = XCConfigurationList;
			buildConfigurations = (
				1876894023280AF0004830C7 /* Debug */,
				1876894123280AF0004830C7 /* Release */,
			);
			defaultConfigurationIsVisible = 0;
			defaultConfigurationName = Release;
		};
/* End XCConfigurationList section */
	};
	rootObject = 1876890923280AEF004830C7 /* Project object */;
}
